// !$*UTF8*$!
{
	archiveVersion = 1;
	classes = {
	};
	objectVersion = 46;
	objects = {

/* Begin PBXBuildFile section */
		7A0C41EB1F8232D8004B4918 /* ExpressionEditorViewController.swift in Sources */ = {isa = PBXBuildFile; fileRef = 7A0C41EA1F8232D8004B4918 /* ExpressionEditorViewController.swift */; };
		7A0ED0FC1F21747600C1AB73 /* FacialExpression.swift in Sources */ = {isa = PBXBuildFile; fileRef = 7A0ED0FB1F21747600C1AB73 /* FacialExpression.swift */; };
		7A36D70C1F5DCD1C00DCF485 /* BlinkingFaceViewController.swift in Sources */ = {isa = PBXBuildFile; fileRef = 7A36D70B1F5DCD1C00DCF485 /* BlinkingFaceViewController.swift */; };
		7A7845311F7EB52100B95C52 /* EyeView.swift in Sources */ = {isa = PBXBuildFile; fileRef = 7A7845301F7EB52100B95C52 /* EyeView.swift */; };
		7ACCBFD01F1FE57C00A32D71 /* AppDelegate.swift in Sources */ = {isa = PBXBuildFile; fileRef = 7ACCBFCF1F1FE57C00A32D71 /* AppDelegate.swift */; };
		7ACCBFD21F1FE57C00A32D71 /* FaceViewController.swift in Sources */ = {isa = PBXBuildFile; fileRef = 7ACCBFD11F1FE57C00A32D71 /* FaceViewController.swift */; };
		7ACCBFD51F1FE57C00A32D71 /* Main.storyboard in Resources */ = {isa = PBXBuildFile; fileRef = 7ACCBFD31F1FE57C00A32D71 /* Main.storyboard */; };
		7ACCBFD71F1FE57C00A32D71 /* Assets.xcassets in Resources */ = {isa = PBXBuildFile; fileRef = 7ACCBFD61F1FE57C00A32D71 /* Assets.xcassets */; };
		7ACCBFDA1F1FE57C00A32D71 /* LaunchScreen.storyboard in Resources */ = {isa = PBXBuildFile; fileRef = 7ACCBFD81F1FE57C00A32D71 /* LaunchScreen.storyboard */; };
		7ACCBFE31F1FE84300A32D71 /* FaceView.swift in Sources */ = {isa = PBXBuildFile; fileRef = 7ACCBFE21F1FE84300A32D71 /* FaceView.swift */; };
		7ADFD0E51F23DBDC009BE5B7 /* EmotionsViewController.swift in Sources */ = {isa = PBXBuildFile; fileRef = 7ADFD0E41F23DBDC009BE5B7 /* EmotionsViewController.swift */; };
		7ADFD0E71F23FB2B009BE5B7 /* VCLLoggingViewController.swift in Sources */ = {isa = PBXBuildFile; fileRef = 7ADFD0E61F23FB2B009BE5B7 /* VCLLoggingViewController.swift */; };
/* End PBXBuildFile section */

/* Begin PBXFileReference section */
		7A0C41EA1F8232D8004B4918 /* ExpressionEditorViewController.swift */ = {isa = PBXFileReference; lastKnownFileType = sourcecode.swift; path = ExpressionEditorViewController.swift; sourceTree = "<group>"; };
		7A0ED0FB1F21747600C1AB73 /* FacialExpression.swift */ = {isa = PBXFileReference; fileEncoding = 4; lastKnownFileType = sourcecode.swift; path = FacialExpression.swift; sourceTree = "<group>"; };
		7A36D70B1F5DCD1C00DCF485 /* BlinkingFaceViewController.swift */ = {isa = PBXFileReference; fileEncoding = 4; lastKnownFileType = sourcecode.swift; path = BlinkingFaceViewController.swift; sourceTree = "<group>"; };
		7A7845301F7EB52100B95C52 /* EyeView.swift */ = {isa = PBXFileReference; lastKnownFileType = sourcecode.swift; path = EyeView.swift; sourceTree = "<group>"; };
		7ACCBFCC1F1FE57C00A32D71 /* Faceit.app */ = {isa = PBXFileReference; explicitFileType = wrapper.application; includeInIndex = 0; path = Faceit.app; sourceTree = BUILT_PRODUCTS_DIR; };
		7ACCBFCF1F1FE57C00A32D71 /* AppDelegate.swift */ = {isa = PBXFileReference; lastKnownFileType = sourcecode.swift; path = AppDelegate.swift; sourceTree = "<group>"; };
		7ACCBFD11F1FE57C00A32D71 /* FaceViewController.swift */ = {isa = PBXFileReference; lastKnownFileType = sourcecode.swift; path = FaceViewController.swift; sourceTree = "<group>"; };
		7ACCBFD41F1FE57C00A32D71 /* Base */ = {isa = PBXFileReference; lastKnownFileType = file.storyboard; name = Base; path = Base.lproj/Main.storyboard; sourceTree = "<group>"; };
		7ACCBFD61F1FE57C00A32D71 /* Assets.xcassets */ = {isa = PBXFileReference; lastKnownFileType = folder.assetcatalog; path = Assets.xcassets; sourceTree = "<group>"; };
		7ACCBFD91F1FE57C00A32D71 /* Base */ = {isa = PBXFileReference; lastKnownFileType = file.storyboard; name = Base; path = Base.lproj/LaunchScreen.storyboard; sourceTree = "<group>"; };
		7ACCBFDB1F1FE57C00A32D71 /* Info.plist */ = {isa = PBXFileReference; lastKnownFileType = text.plist.xml; path = Info.plist; sourceTree = "<group>"; };
		7ACCBFE21F1FE84300A32D71 /* FaceView.swift */ = {isa = PBXFileReference; fileEncoding = 4; lastKnownFileType = sourcecode.swift; path = FaceView.swift; sourceTree = "<group>"; };
		7ADFD0E41F23DBDC009BE5B7 /* EmotionsViewController.swift */ = {isa = PBXFileReference; fileEncoding = 4; lastKnownFileType = sourcecode.swift; path = EmotionsViewController.swift; sourceTree = "<group>"; };
		7ADFD0E61F23FB2B009BE5B7 /* VCLLoggingViewController.swift */ = {isa = PBXFileReference; fileEncoding = 4; lastKnownFileType = sourcecode.swift; path = VCLLoggingViewController.swift; sourceTree = "<group>"; };
/* End PBXFileReference section */

/* Begin PBXFrameworksBuildPhase section */
		7ACCBFC91F1FE57C00A32D71 /* Frameworks */ = {
			isa = PBXFrameworksBuildPhase;
			buildActionMask = 2147483647;
			files = (
			);
			runOnlyForDeploymentPostprocessing = 0;
		};
/* End PBXFrameworksBuildPhase section */

/* Begin PBXGroup section */
		7ACCBFC31F1FE57C00A32D71 = {
			isa = PBXGroup;
			children = (
				7ACCBFCE1F1FE57C00A32D71 /* Faceit */,
				7ACCBFCD1F1FE57C00A32D71 /* Products */,
			);
			sourceTree = "<group>";
		};
		7ACCBFCD1F1FE57C00A32D71 /* Products */ = {
			isa = PBXGroup;
			children = (
				7ACCBFCC1F1FE57C00A32D71 /* Faceit.app */,
			);
			name = Products;
			sourceTree = "<group>";
		};
		7ACCBFCE1F1FE57C00A32D71 /* Faceit */ = {
			isa = PBXGroup;
			children = (
				7ADFD0E41F23DBDC009BE5B7 /* EmotionsViewController.swift */,
				7ACCBFD11F1FE57C00A32D71 /* FaceViewController.swift */,
				7ACCBFE21F1FE84300A32D71 /* FaceView.swift */,
				7A36D70B1F5DCD1C00DCF485 /* BlinkingFaceViewController.swift */,
				7A0C41EA1F8232D8004B4918 /* ExpressionEditorViewController.swift */,
				7ACCBFD31F1FE57C00A32D71 /* Main.storyboard */,
				7A0ED0FB1F21747600C1AB73 /* FacialExpression.swift */,
				7ADFD0E61F23FB2B009BE5B7 /* VCLLoggingViewController.swift */,
				7A7845301F7EB52100B95C52 /* EyeView.swift */,
				7ACCBFE11F1FE5B600A32D71 /* Supporting Files */,
			);
			path = Faceit;
			sourceTree = "<group>";
		};
		7ACCBFE11F1FE5B600A32D71 /* Supporting Files */ = {
			isa = PBXGroup;
			children = (
				7ACCBFCF1F1FE57C00A32D71 /* AppDelegate.swift */,
				7ACCBFD61F1FE57C00A32D71 /* Assets.xcassets */,
				7ACCBFD81F1FE57C00A32D71 /* LaunchScreen.storyboard */,
				7ACCBFDB1F1FE57C00A32D71 /* Info.plist */,
			);
			name = "Supporting Files";
			sourceTree = "<group>";
		};
/* End PBXGroup section */

/* Begin PBXNativeTarget section */
		7ACCBFCB1F1FE57C00A32D71 /* Faceit */ = {
			isa = PBXNativeTarget;
			buildConfigurationList = 7ACCBFDE1F1FE57C00A32D71 /* Build configuration list for PBXNativeTarget "Faceit" */;
			buildPhases = (
				7ACCBFC81F1FE57C00A32D71 /* Sources */,
				7ACCBFC91F1FE57C00A32D71 /* Frameworks */,
				7ACCBFCA1F1FE57C00A32D71 /* Resources */,
			);
			buildRules = (
			);
			dependencies = (
			);
			name = Faceit;
			productName = Faceit;
			productReference = 7ACCBFCC1F1FE57C00A32D71 /* Faceit.app */;
			productType = "com.apple.product-type.application";
		};
/* End PBXNativeTarget section */

/* Begin PBXProject section */
		7ACCBFC41F1FE57C00A32D71 /* Project object */ = {
			isa = PBXProject;
			attributes = {
				LastSwiftUpdateCheck = 0830;
				LastUpgradeCheck = 0900;
				ORGANIZATIONNAME = "Red Raven COmputing";
				TargetAttributes = {
					7ACCBFCB1F1FE57C00A32D71 = {
						CreatedOnToolsVersion = 8.3.3;
						DevelopmentTeam = V3GFNATBC5;
						LastSwiftMigration = 0900;
						ProvisioningStyle = Automatic;
					};
				};
			};
			buildConfigurationList = 7ACCBFC71F1FE57C00A32D71 /* Build configuration list for PBXProject "Faceit" */;
			compatibilityVersion = "Xcode 3.2";
			developmentRegion = English;
			hasScannedForEncodings = 0;
			knownRegions = (
				en,
				Base,
			);
			mainGroup = 7ACCBFC31F1FE57C00A32D71;
			productRefGroup = 7ACCBFCD1F1FE57C00A32D71 /* Products */;
			projectDirPath = "";
			projectRoot = "";
			targets = (
				7ACCBFCB1F1FE57C00A32D71 /* Faceit */,
			);
		};
/* End PBXProject section */

/* Begin PBXResourcesBuildPhase section */
		7ACCBFCA1F1FE57C00A32D71 /* Resources */ = {
			isa = PBXResourcesBuildPhase;
			buildActionMask = 2147483647;
			files = (
				7ACCBFDA1F1FE57C00A32D71 /* LaunchScreen.storyboard in Resources */,
				7ACCBFD71F1FE57C00A32D71 /* Assets.xcassets in Resources */,
				7ACCBFD51F1FE57C00A32D71 /* Main.storyboard in Resources */,
			);
			runOnlyForDeploymentPostprocessing = 0;
		};
/* End PBXResourcesBuildPhase section */

/* Begin PBXSourcesBuildPhase section */
		7ACCBFC81F1FE57C00A32D71 /* Sources */ = {
			isa = PBXSourcesBuildPhase;
			buildActionMask = 2147483647;
			files = (
				7ADFD0E71F23FB2B009BE5B7 /* VCLLoggingViewController.swift in Sources */,
				7ACCBFD21F1FE57C00A32D71 /* FaceViewController.swift in Sources */,
				7A0ED0FC1F21747600C1AB73 /* FacialExpression.swift in Sources */,
				7ADFD0E51F23DBDC009BE5B7 /* EmotionsViewController.swift in Sources */,
				7A36D70C1F5DCD1C00DCF485 /* BlinkingFaceViewController.swift in Sources */,
				7ACCBFD01F1FE57C00A32D71 /* AppDelegate.swift in Sources */,
				7A0C41EB1F8232D8004B4918 /* ExpressionEditorViewController.swift in Sources */,
				7A7845311F7EB52100B95C52 /* EyeView.swift in Sources */,
				7ACCBFE31F1FE84300A32D71 /* FaceView.swift in Sources */,
			);
			runOnlyForDeploymentPostprocessing = 0;
		};
/* End PBXSourcesBuildPhase section */

/* Begin PBXVariantGroup section */
		7ACCBFD31F1FE57C00A32D71 /* Main.storyboard */ = {
			isa = PBXVariantGroup;
			children = (
				7ACCBFD41F1FE57C00A32D71 /* Base */,
			);
			name = Main.storyboard;
			sourceTree = "<group>";
		};
		7ACCBFD81F1FE57C00A32D71 /* LaunchScreen.storyboard */ = {
			isa = PBXVariantGroup;
			children = (
				7ACCBFD91F1FE57C00A32D71 /* Base */,
			);
			name = LaunchScreen.storyboard;
			sourceTree = "<group>";
		};
/* End PBXVariantGroup section */

/* Begin XCBuildConfiguration section */
		7ACCBFDC1F1FE57C00A32D71 /* Debug */ = {
			isa = XCBuildConfiguration;
			buildSettings = {
				ALWAYS_SEARCH_USER_PATHS = NO;
				CLANG_ANALYZER_NONNULL = YES;
				CLANG_ANALYZER_NUMBER_OBJECT_CONVERSION = YES_AGGRESSIVE;
				CLANG_CXX_LANGUAGE_STANDARD = "gnu++0x";
				CLANG_CXX_LIBRARY = "libc++";
				CLANG_ENABLE_MODULES = YES;
				CLANG_ENABLE_OBJC_ARC = YES;
				CLANG_WARN_BLOCK_CAPTURE_AUTORELEASING = YES;
				CLANG_WARN_BOOL_CONVERSION = YES;
				CLANG_WARN_COMMA = YES;
				CLANG_WARN_CONSTANT_CONVERSION = YES;
				CLANG_WARN_DIRECT_OBJC_ISA_USAGE = YES_ERROR;
				CLANG_WARN_DOCUMENTATION_COMMENTS = YES;
				CLANG_WARN_EMPTY_BODY = YES;
				CLANG_WARN_ENUM_CONVERSION = YES;
				CLANG_WARN_INFINITE_RECURSION = YES;
				CLANG_WARN_INT_CONVERSION = YES;
				CLANG_WARN_NON_LITERAL_NULL_CONVERSION = YES;
				CLANG_WARN_OBJC_LITERAL_CONVERSION = YES;
				CLANG_WARN_OBJC_ROOT_CLASS = YES_ERROR;
				CLANG_WARN_RANGE_LOOP_ANALYSIS = YES;
				CLANG_WARN_STRICT_PROTOTYPES = YES;
				CLANG_WARN_SUSPICIOUS_MOVE = YES;
				CLANG_WARN_UNREACHABLE_CODE = YES;
				CLANG_WARN__DUPLICATE_METHOD_MATCH = YES;
				"CODE_SIGN_IDENTITY[sdk=iphoneos*]" = "iPhone Developer";
				COPY_PHASE_STRIP = NO;
				DEBUG_INFORMATION_FORMAT = dwarf;
				ENABLE_STRICT_OBJC_MSGSEND = YES;
				ENABLE_TESTABILITY = YES;
				GCC_C_LANGUAGE_STANDARD = gnu99;
				GCC_DYNAMIC_NO_PIC = NO;
				GCC_NO_COMMON_BLOCKS = YES;
				GCC_OPTIMIZATION_LEVEL = 0;
				GCC_PREPROCESSOR_DEFINITIONS = (
					"DEBUG=1",
					"$(inherited)",
				);
				GCC_WARN_64_TO_32_BIT_CONVERSION = YES;
				GCC_WARN_ABOUT_RETURN_TYPE = YES_ERROR;
				GCC_WARN_UNDECLARED_SELECTOR = YES;
				GCC_WARN_UNINITIALIZED_AUTOS = YES_AGGRESSIVE;
				GCC_WARN_UNUSED_FUNCTION = YES;
				GCC_WARN_UNUSED_VARIABLE = YES;
				IPHONEOS_DEPLOYMENT_TARGET = 10.3;
				MTL_ENABLE_DEBUG_INFO = YES;
				ONLY_ACTIVE_ARCH = YES;
				SDKROOT = iphoneos;
				SWIFT_ACTIVE_COMPILATION_CONDITIONS = DEBUG;
				SWIFT_OPTIMIZATION_LEVEL = "-Onone";
				TARGETED_DEVICE_FAMILY = "1,2";
			};
			name = Debug;
		};
		7ACCBFDD1F1FE57C00A32D71 /* Release */ = {
			isa = XCBuildConfiguration;
			buildSettings = {
				ALWAYS_SEARCH_USER_PATHS = NO;
				CLANG_ANALYZER_NONNULL = YES;
				CLANG_ANALYZER_NUMBER_OBJECT_CONVERSION = YES_AGGRESSIVE;
				CLANG_CXX_LANGUAGE_STANDARD = "gnu++0x";
				CLANG_CXX_LIBRARY = "libc++";
				CLANG_ENABLE_MODULES = YES;
				CLANG_ENABLE_OBJC_ARC = YES;
				CLANG_WARN_BLOCK_CAPTURE_AUTORELEASING = YES;
				CLANG_WARN_BOOL_CONVERSION = YES;
				CLANG_WARN_COMMA = YES;
				CLANG_WARN_CONSTANT_CONVERSION = YES;
				CLANG_WARN_DIRECT_OBJC_ISA_USAGE = YES_ERROR;
				CLANG_WARN_DOCUMENTATION_COMMENTS = YES;
				CLANG_WARN_EMPTY_BODY = YES;
				CLANG_WARN_ENUM_CONVERSION = YES;
				CLANG_WARN_INFINITE_RECURSION = YES;
				CLANG_WARN_INT_CONVERSION = YES;
				CLANG_WARN_NON_LITERAL_NULL_CONVERSION = YES;
				CLANG_WARN_OBJC_LITERAL_CONVERSION = YES;
				CLANG_WARN_OBJC_ROOT_CLASS = YES_ERROR;
				CLANG_WARN_RANGE_LOOP_ANALYSIS = YES;
				CLANG_WARN_STRICT_PROTOTYPES = YES;
				CLANG_WARN_SUSPICIOUS_MOVE = YES;
				CLANG_WARN_UNREACHABLE_CODE = YES;
				CLANG_WARN__DUPLICATE_METHOD_MATCH = YES;
				"CODE_SIGN_IDENTITY[sdk=iphoneos*]" = "iPhone Developer";
				COPY_PHASE_STRIP = NO;
				DEBUG_INFORMATION_FORMAT = "dwarf-with-dsym";
				ENABLE_NS_ASSERTIONS = NO;
				ENABLE_STRICT_OBJC_MSGSEND = YES;
				GCC_C_LANGUAGE_STANDARD = gnu99;
				GCC_NO_COMMON_BLOCKS = YES;
				GCC_WARN_64_TO_32_BIT_CONVERSION = YES;
				GCC_WARN_ABOUT_RETURN_TYPE = YES_ERROR;
				GCC_WARN_UNDECLARED_SELECTOR = YES;
				GCC_WARN_UNINITIALIZED_AUTOS = YES_AGGRESSIVE;
				GCC_WARN_UNUSED_FUNCTION = YES;
				GCC_WARN_UNUSED_VARIABLE = YES;
				IPHONEOS_DEPLOYMENT_TARGET = 10.3;
				MTL_ENABLE_DEBUG_INFO = NO;
				SDKROOT = iphoneos;
				SWIFT_OPTIMIZATION_LEVEL = "-Owholemodule";
				TARGETED_DEVICE_FAMILY = "1,2";
				VALIDATE_PRODUCT = YES;
			};
			name = Release;
		};
		7ACCBFDF1F1FE57C00A32D71 /* Debug */ = {
			isa = XCBuildConfiguration;
			buildSettings = {
				ASSETCATALOG_COMPILER_APPICON_NAME = AppIcon;
				DEVELOPMENT_TEAM = V3GFNATBC5;
				INFOPLIST_FILE = Faceit/Info.plist;
				LD_RUNPATH_SEARCH_PATHS = "$(inherited) @executable_path/Frameworks";
				PRODUCT_BUNDLE_IDENTIFIER = com.redravencompuint.cs193p.Faceit;
				PRODUCT_NAME = "$(TARGET_NAME)";
				SWIFT_VERSION = 3.0;
			};
			name = Debug;
		};
		7ACCBFE01F1FE57C00A32D71 /* Release */ = {
			isa = XCBuildConfiguration;
			buildSettings = {
				ASSETCATALOG_COMPILER_APPICON_NAME = AppIcon;
				DEVELOPMENT_TEAM = V3GFNATBC5;
				INFOPLIST_FILE = Faceit/Info.plist;
				LD_RUNPATH_SEARCH_PATHS = "$(inherited) @executable_path/Frameworks";
				PRODUCT_BUNDLE_IDENTIFIER = com.redravencompuint.cs193p.Faceit;
				PRODUCT_NAME = "$(TARGET_NAME)";
				SWIFT_VERSION = 3.0;
			};
			name = Release;
		};
/* End XCBuildConfiguration section */

/* Begin XCConfigurationList section */
		7ACCBFC71F1FE57C00A32D71 /* Build configuration list for PBXProject "Faceit" */ = {
			isa = XCConfigurationList;
			buildConfigurations = (
				7ACCBFDC1F1FE57C00A32D71 /* Debug */,
				7ACCBFDD1F1FE57C00A32D71 /* Release */,
			);
			defaultConfigurationIsVisible = 0;
			defaultConfigurationName = Release;
		};
		7ACCBFDE1F1FE57C00A32D71 /* Build configuration list for PBXNativeTarget "Faceit" */ = {
			isa = XCConfigurationList;
			buildConfigurations = (
				7ACCBFDF1F1FE57C00A32D71 /* Debug */,
				7ACCBFE01F1FE57C00A32D71 /* Release */,
			);
			defaultConfigurationIsVisible = 0;
			defaultConfigurationName = Release;
		};
/* End XCConfigurationList section */
	};
	rootObject = 7ACCBFC41F1FE57C00A32D71 /* Project object */;
}
